// !$*UTF8*$!
{
	archiveVersion = 1;
	classes = {
	};
	objectVersion = 46;
	objects = {

/* Begin PBXBuildFile section */
		0C4D04A7D508645E900E05F4 /* Pods_KVSpinnerView.framework in Frameworks */ = {isa = PBXBuildFile; fileRef = 04A9AC41C9F48FE583E4426A /* Pods_KVSpinnerView.framework */; };
		8663ECFE1E40F15D00352D44 /* CircleLayer.swift in Sources */ = {isa = PBXBuildFile; fileRef = 8663ECFB1E40F15D00352D44 /* CircleLayer.swift */; };
		8663ECFF1E40F15D00352D44 /* ProgressLayer.swift in Sources */ = {isa = PBXBuildFile; fileRef = 8663ECFC1E40F15D00352D44 /* ProgressLayer.swift */; };
		8663ED001E40F15D00352D44 /* RectangleLayer.swift in Sources */ = {isa = PBXBuildFile; fileRef = 8663ECFD1E40F15D00352D44 /* RectangleLayer.swift */; };
		8663ED031E40F16D00352D44 /* AnimationManager.swift in Sources */ = {isa = PBXBuildFile; fileRef = 8663ED011E40F16D00352D44 /* AnimationManager.swift */; };
		8663ED041E40F16D00352D44 /* KVSpinnerView.swift in Sources */ = {isa = PBXBuildFile; fileRef = 8663ED021E40F16D00352D44 /* KVSpinnerView.swift */; };
		867137331E413DB600C3F267 /* StatusTitleLayer.swift in Sources */ = {isa = PBXBuildFile; fileRef = 867137321E413DB600C3F267 /* StatusTitleLayer.swift */; };
		867137361E413EAE00C3F267 /* KVSpinnerViewSettings.swift in Sources */ = {isa = PBXBuildFile; fileRef = 867137351E413EAE00C3F267 /* KVSpinnerViewSettings.swift */; };
		8687F2161E41769E00C1392C /* AppDelegate.swift in Sources */ = {isa = PBXBuildFile; fileRef = 8687F2151E41769E00C1392C /* AppDelegate.swift */; };
		8687F2181E41769E00C1392C /* ViewController.swift in Sources */ = {isa = PBXBuildFile; fileRef = 8687F2171E41769E00C1392C /* ViewController.swift */; };
		8687F21B1E41769E00C1392C /* Main.storyboard in Resources */ = {isa = PBXBuildFile; fileRef = 8687F2191E41769E00C1392C /* Main.storyboard */; };
		8687F21D1E41769E00C1392C /* Assets.xcassets in Resources */ = {isa = PBXBuildFile; fileRef = 8687F21C1E41769E00C1392C /* Assets.xcassets */; };
		8687F2201E41769E00C1392C /* LaunchScreen.storyboard in Resources */ = {isa = PBXBuildFile; fileRef = 8687F21E1E41769E00C1392C /* LaunchScreen.storyboard */; };
		8687F2251E4176E400C1392C /* KVSpinnerView.swift in Sources */ = {isa = PBXBuildFile; fileRef = 8663ED021E40F16D00352D44 /* KVSpinnerView.swift */; };
		8687F2261E4176E900C1392C /* KVSpinnerViewSettings.swift in Sources */ = {isa = PBXBuildFile; fileRef = 867137351E413EAE00C3F267 /* KVSpinnerViewSettings.swift */; };
		8687F2271E41770600C1392C /* AnimationManager.swift in Sources */ = {isa = PBXBuildFile; fileRef = 8663ED011E40F16D00352D44 /* AnimationManager.swift */; };
		8687F2281E41770A00C1392C /* CircleLayer.swift in Sources */ = {isa = PBXBuildFile; fileRef = 8663ECFB1E40F15D00352D44 /* CircleLayer.swift */; };
		8687F2291E41770A00C1392C /* ProgressLayer.swift in Sources */ = {isa = PBXBuildFile; fileRef = 8663ECFC1E40F15D00352D44 /* ProgressLayer.swift */; };
		8687F22A1E41770A00C1392C /* RectangleLayer.swift in Sources */ = {isa = PBXBuildFile; fileRef = 8663ECFD1E40F15D00352D44 /* RectangleLayer.swift */; };
		8687F22B1E41770A00C1392C /* StatusTitleLayer.swift in Sources */ = {isa = PBXBuildFile; fileRef = 867137321E413DB600C3F267 /* StatusTitleLayer.swift */; };
		86A9ACD41E4A035E008C3FDF /* NetworkManager.swift in Sources */ = {isa = PBXBuildFile; fileRef = 86A9ACD31E4A035E008C3FDF /* NetworkManager.swift */; };
		86B155251E492DA700C91902 /* TableViewCell.swift in Sources */ = {isa = PBXBuildFile; fileRef = 86B155241E492DA700C91902 /* TableViewCell.swift */; };
/* End PBXBuildFile section */

/* Begin PBXFileReference section */
		04A9AC41C9F48FE583E4426A /* Pods_KVSpinnerView.framework */ = {isa = PBXFileReference; explicitFileType = wrapper.framework; includeInIndex = 0; path = Pods_KVSpinnerView.framework; sourceTree = BUILT_PRODUCTS_DIR; };
		861667A01E40EE910050BD06 /* KVSpinnerView.framework */ = {isa = PBXFileReference; explicitFileType = wrapper.framework; includeInIndex = 0; path = KVSpinnerView.framework; sourceTree = BUILT_PRODUCTS_DIR; };
		861667A41E40EE910050BD06 /* Info.plist */ = {isa = PBXFileReference; lastKnownFileType = text.plist.xml; path = Info.plist; sourceTree = "<group>"; };
		8663ECFB1E40F15D00352D44 /* CircleLayer.swift */ = {isa = PBXFileReference; fileEncoding = 4; lastKnownFileType = sourcecode.swift; path = CircleLayer.swift; sourceTree = "<group>"; };
		8663ECFC1E40F15D00352D44 /* ProgressLayer.swift */ = {isa = PBXFileReference; fileEncoding = 4; lastKnownFileType = sourcecode.swift; path = ProgressLayer.swift; sourceTree = "<group>"; };
		8663ECFD1E40F15D00352D44 /* RectangleLayer.swift */ = {isa = PBXFileReference; fileEncoding = 4; lastKnownFileType = sourcecode.swift; path = RectangleLayer.swift; sourceTree = "<group>"; };
		8663ED011E40F16D00352D44 /* AnimationManager.swift */ = {isa = PBXFileReference; fileEncoding = 4; lastKnownFileType = sourcecode.swift; path = AnimationManager.swift; sourceTree = "<group>"; };
		8663ED021E40F16D00352D44 /* KVSpinnerView.swift */ = {isa = PBXFileReference; fileEncoding = 4; lastKnownFileType = sourcecode.swift; path = KVSpinnerView.swift; sourceTree = "<group>"; };
		867137321E413DB600C3F267 /* StatusTitleLayer.swift */ = {isa = PBXFileReference; fileEncoding = 4; lastKnownFileType = sourcecode.swift; path = StatusTitleLayer.swift; sourceTree = "<group>"; };
		867137351E413EAE00C3F267 /* KVSpinnerViewSettings.swift */ = {isa = PBXFileReference; fileEncoding = 4; lastKnownFileType = sourcecode.swift; path = KVSpinnerViewSettings.swift; sourceTree = "<group>"; };
		8687F2131E41769E00C1392C /* SwiftExample.app */ = {isa = PBXFileReference; explicitFileType = wrapper.application; includeInIndex = 0; path = SwiftExample.app; sourceTree = BUILT_PRODUCTS_DIR; };
		8687F2151E41769E00C1392C /* AppDelegate.swift */ = {isa = PBXFileReference; lastKnownFileType = sourcecode.swift; path = AppDelegate.swift; sourceTree = "<group>"; };
		8687F2171E41769E00C1392C /* ViewController.swift */ = {isa = PBXFileReference; lastKnownFileType = sourcecode.swift; path = ViewController.swift; sourceTree = "<group>"; };
		8687F21A1E41769E00C1392C /* Base */ = {isa = PBXFileReference; lastKnownFileType = file.storyboard; name = Base; path = Base.lproj/Main.storyboard; sourceTree = "<group>"; };
		8687F21C1E41769E00C1392C /* Assets.xcassets */ = {isa = PBXFileReference; lastKnownFileType = folder.assetcatalog; path = Assets.xcassets; sourceTree = "<group>"; };
		8687F21F1E41769E00C1392C /* Base */ = {isa = PBXFileReference; lastKnownFileType = file.storyboard; name = Base; path = Base.lproj/LaunchScreen.storyboard; sourceTree = "<group>"; };
		8687F2211E41769E00C1392C /* Info.plist */ = {isa = PBXFileReference; lastKnownFileType = text.plist.xml; path = Info.plist; sourceTree = "<group>"; };
		86A9ACD31E4A035E008C3FDF /* NetworkManager.swift */ = {isa = PBXFileReference; fileEncoding = 4; lastKnownFileType = sourcecode.swift; path = NetworkManager.swift; sourceTree = "<group>"; };
		86B155241E492DA700C91902 /* TableViewCell.swift */ = {isa = PBXFileReference; fileEncoding = 4; lastKnownFileType = sourcecode.swift; path = TableViewCell.swift; sourceTree = "<group>"; };
		E897FEF3FCF69B8447DE5D33 /* Pods-KVSpinnerView.debug.xcconfig */ = {isa = PBXFileReference; includeInIndex = 1; lastKnownFileType = text.xcconfig; name = "Pods-KVSpinnerView.debug.xcconfig"; path = "Pods/Target Support Files/Pods-KVSpinnerView/Pods-KVSpinnerView.debug.xcconfig"; sourceTree = "<group>"; };
		F41A60FE6D8B7267309BBE55 /* Pods-KVSpinnerView.release.xcconfig */ = {isa = PBXFileReference; includeInIndex = 1; lastKnownFileType = text.xcconfig; name = "Pods-KVSpinnerView.release.xcconfig"; path = "Pods/Target Support Files/Pods-KVSpinnerView/Pods-KVSpinnerView.release.xcconfig"; sourceTree = "<group>"; };
/* End PBXFileReference section */

/* Begin PBXFrameworksBuildPhase section */
		8616679C1E40EE910050BD06 /* Frameworks */ = {
			isa = PBXFrameworksBuildPhase;
			buildActionMask = 2147483647;
			files = (
				0C4D04A7D508645E900E05F4 /* Pods_KVSpinnerView.framework in Frameworks */,
			);
			runOnlyForDeploymentPostprocessing = 0;
		};
		8687F2101E41769E00C1392C /* Frameworks */ = {
			isa = PBXFrameworksBuildPhase;
			buildActionMask = 2147483647;
			files = (
			);
			runOnlyForDeploymentPostprocessing = 0;
		};
/* End PBXFrameworksBuildPhase section */

/* Begin PBXGroup section */
		665D06F625B2A787AB0C031B /* Frameworks */ = {
			isa = PBXGroup;
			children = (
				04A9AC41C9F48FE583E4426A /* Pods_KVSpinnerView.framework */,
			);
			name = Frameworks;
			sourceTree = "<group>";
		};
		861667961E40EE910050BD06 = {
			isa = PBXGroup;
			children = (
				861667A21E40EE910050BD06 /* KVSpinnerView */,
				8687F2141E41769E00C1392C /* SwiftExample */,
				861667A11E40EE910050BD06 /* Products */,
				E89DD3B066C9A6FD8D5771B3 /* Pods */,
				665D06F625B2A787AB0C031B /* Frameworks */,
			);
			sourceTree = "<group>";
		};
		861667A11E40EE910050BD06 /* Products */ = {
			isa = PBXGroup;
			children = (
				861667A01E40EE910050BD06 /* KVSpinnerView.framework */,
				8687F2131E41769E00C1392C /* SwiftExample.app */,
			);
			name = Products;
			sourceTree = "<group>";
		};
		861667A21E40EE910050BD06 /* KVSpinnerView */ = {
			isa = PBXGroup;
			children = (
				8663ED021E40F16D00352D44 /* KVSpinnerView.swift */,
				867137351E413EAE00C3F267 /* KVSpinnerViewSettings.swift */,
				8663ED011E40F16D00352D44 /* AnimationManager.swift */,
				8663ECFA1E40F15D00352D44 /* Layers */,
				861667A41E40EE910050BD06 /* Info.plist */,
			);
			path = KVSpinnerView;
			sourceTree = "<group>";
		};
		8663ECFA1E40F15D00352D44 /* Layers */ = {
			isa = PBXGroup;
			children = (
				8663ECFB1E40F15D00352D44 /* CircleLayer.swift */,
				8663ECFC1E40F15D00352D44 /* ProgressLayer.swift */,
				8663ECFD1E40F15D00352D44 /* RectangleLayer.swift */,
				867137321E413DB600C3F267 /* StatusTitleLayer.swift */,
			);
			path = Layers;
			sourceTree = "<group>";
		};
		8687F2141E41769E00C1392C /* SwiftExample */ = {
			isa = PBXGroup;
			children = (
				8687F2151E41769E00C1392C /* AppDelegate.swift */,
				86A9ACD31E4A035E008C3FDF /* NetworkManager.swift */,
				8687F2171E41769E00C1392C /* ViewController.swift */,
				86B155241E492DA700C91902 /* TableViewCell.swift */,
				8687F2191E41769E00C1392C /* Main.storyboard */,
				8687F21C1E41769E00C1392C /* Assets.xcassets */,
				8687F21E1E41769E00C1392C /* LaunchScreen.storyboard */,
				8687F2211E41769E00C1392C /* Info.plist */,
			);
			path = SwiftExample;
			sourceTree = "<group>";
		};
		E89DD3B066C9A6FD8D5771B3 /* Pods */ = {
			isa = PBXGroup;
			children = (
				E897FEF3FCF69B8447DE5D33 /* Pods-KVSpinnerView.debug.xcconfig */,
				F41A60FE6D8B7267309BBE55 /* Pods-KVSpinnerView.release.xcconfig */,
			);
			name = Pods;
			sourceTree = "<group>";
		};
/* End PBXGroup section */

/* Begin PBXHeadersBuildPhase section */
		8616679D1E40EE910050BD06 /* Headers */ = {
			isa = PBXHeadersBuildPhase;
			buildActionMask = 2147483647;
			files = (
			);
			runOnlyForDeploymentPostprocessing = 0;
		};
/* End PBXHeadersBuildPhase section */

/* Begin PBXNativeTarget section */
		8616679F1E40EE910050BD06 /* KVSpinnerView */ = {
			isa = PBXNativeTarget;
			buildConfigurationList = 861667A81E40EE910050BD06 /* Build configuration list for PBXNativeTarget "KVSpinnerView" */;
			buildPhases = (
				7C346656ADB5986ED3936D1B /* [CP] Check Pods Manifest.lock */,
				8616679B1E40EE910050BD06 /* Sources */,
				8616679C1E40EE910050BD06 /* Frameworks */,
				8616679D1E40EE910050BD06 /* Headers */,
				8616679E1E40EE910050BD06 /* Resources */,
				502203EE7388587117417033 /* [CP] Copy Pods Resources */,
			);
			buildRules = (
			);
			dependencies = (
			);
			name = KVSpinnerView;
			productName = KVSpinnerView;
			productReference = 861667A01E40EE910050BD06 /* KVSpinnerView.framework */;
			productType = "com.apple.product-type.framework";
		};
		8687F2121E41769E00C1392C /* SwiftExample */ = {
			isa = PBXNativeTarget;
			buildConfigurationList = 8687F2221E41769E00C1392C /* Build configuration list for PBXNativeTarget "SwiftExample" */;
			buildPhases = (
				8687F20F1E41769E00C1392C /* Sources */,
				8687F2101E41769E00C1392C /* Frameworks */,
				8687F2111E41769E00C1392C /* Resources */,
			);
			buildRules = (
			);
			dependencies = (
			);
			name = SwiftExample;
			productName = SwiftExample;
			productReference = 8687F2131E41769E00C1392C /* SwiftExample.app */;
			productType = "com.apple.product-type.application";
		};
/* End PBXNativeTarget section */

/* Begin PBXProject section */
		861667971E40EE910050BD06 /* Project object */ = {
			isa = PBXProject;
			attributes = {
				LastSwiftUpdateCheck = 0820;
				LastUpgradeCheck = 0940;
				ORGANIZATIONNAME = Vladislav;
				TargetAttributes = {
					8616679F1E40EE910050BD06 = {
						CreatedOnToolsVersion = 8.2.1;
						DevelopmentTeam = M375QZ42BY;
						LastSwiftMigration = 0940;
						ProvisioningStyle = Automatic;
					};
					8687F2121E41769E00C1392C = {
						CreatedOnToolsVersion = 8.2.1;
						DevelopmentTeam = M375QZ42BY;
						ProvisioningStyle = Automatic;
					};
				};
			};
			buildConfigurationList = 8616679A1E40EE910050BD06 /* Build configuration list for PBXProject "KVSpinnerView" */;
			compatibilityVersion = "Xcode 3.2";
			developmentRegion = English;
			hasScannedForEncodings = 0;
			knownRegions = (
				en,
				Base,
			);
			mainGroup = 861667961E40EE910050BD06;
			productRefGroup = 861667A11E40EE910050BD06 /* Products */;
			projectDirPath = "";
			projectRoot = "";
			targets = (
				8616679F1E40EE910050BD06 /* KVSpinnerView */,
				8687F2121E41769E00C1392C /* SwiftExample */,
			);
		};
/* End PBXProject section */

/* Begin PBXResourcesBuildPhase section */
		8616679E1E40EE910050BD06 /* Resources */ = {
			isa = PBXResourcesBuildPhase;
			buildActionMask = 2147483647;
			files = (
			);
			runOnlyForDeploymentPostprocessing = 0;
		};
		8687F2111E41769E00C1392C /* Resources */ = {
			isa = PBXResourcesBuildPhase;
			buildActionMask = 2147483647;
			files = (
				8687F2201E41769E00C1392C /* LaunchScreen.storyboard in Resources */,
				8687F21D1E41769E00C1392C /* Assets.xcassets in Resources */,
				8687F21B1E41769E00C1392C /* Main.storyboard in Resources */,
			);
			runOnlyForDeploymentPostprocessing = 0;
		};
/* End PBXResourcesBuildPhase section */

/* Begin PBXShellScriptBuildPhase section */
		502203EE7388587117417033 /* [CP] Copy Pods Resources */ = {
			isa = PBXShellScriptBuildPhase;
			buildActionMask = 2147483647;
			files = (
			);
			inputPaths = (
			);
			name = "[CP] Copy Pods Resources";
			outputPaths = (
			);
			runOnlyForDeploymentPostprocessing = 0;
			shellPath = /bin/sh;
			shellScript = "\"${SRCROOT}/Pods/Target Support Files/Pods-KVSpinnerView/Pods-KVSpinnerView-resources.sh\"\n";
			showEnvVarsInLog = 0;
		};
		7C346656ADB5986ED3936D1B /* [CP] Check Pods Manifest.lock */ = {
			isa = PBXShellScriptBuildPhase;
			buildActionMask = 2147483647;
			files = (
			);
			inputPaths = (
			);
			name = "[CP] Check Pods Manifest.lock";
			outputPaths = (
			);
			runOnlyForDeploymentPostprocessing = 0;
			shellPath = /bin/sh;
			shellScript = "diff \"${PODS_ROOT}/../Podfile.lock\" \"${PODS_ROOT}/Manifest.lock\" > /dev/null\nif [ $? != 0 ] ; then\n    # print error to STDERR\n    echo \"error: The sandbox is not in sync with the Podfile.lock. Run 'pod install' or update your CocoaPods installation.\" >&2\n    exit 1\nfi\n";
			showEnvVarsInLog = 0;
		};
/* End PBXShellScriptBuildPhase section */

/* Begin PBXSourcesBuildPhase section */
		8616679B1E40EE910050BD06 /* Sources */ = {
			isa = PBXSourcesBuildPhase;
			buildActionMask = 2147483647;
			files = (
				8663ED031E40F16D00352D44 /* AnimationManager.swift in Sources */,
				8663ECFF1E40F15D00352D44 /* ProgressLayer.swift in Sources */,
				867137361E413EAE00C3F267 /* KVSpinnerViewSettings.swift in Sources */,
				867137331E413DB600C3F267 /* StatusTitleLayer.swift in Sources */,
				8663ED041E40F16D00352D44 /* KVSpinnerView.swift in Sources */,
				8663ECFE1E40F15D00352D44 /* CircleLayer.swift in Sources */,
				8663ED001E40F15D00352D44 /* RectangleLayer.swift in Sources */,
			);
			runOnlyForDeploymentPostprocessing = 0;
		};
		8687F20F1E41769E00C1392C /* Sources */ = {
			isa = PBXSourcesBuildPhase;
			buildActionMask = 2147483647;
			files = (
				8687F2181E41769E00C1392C /* ViewController.swift in Sources */,
				8687F22A1E41770A00C1392C /* RectangleLayer.swift in Sources */,
				8687F2281E41770A00C1392C /* CircleLayer.swift in Sources */,
				86A9ACD41E4A035E008C3FDF /* NetworkManager.swift in Sources */,
				8687F2291E41770A00C1392C /* ProgressLayer.swift in Sources */,
				8687F2161E41769E00C1392C /* AppDelegate.swift in Sources */,
				86B155251E492DA700C91902 /* TableViewCell.swift in Sources */,
				8687F22B1E41770A00C1392C /* StatusTitleLayer.swift in Sources */,
				8687F2261E4176E900C1392C /* KVSpinnerViewSettings.swift in Sources */,
				8687F2251E4176E400C1392C /* KVSpinnerView.swift in Sources */,
				8687F2271E41770600C1392C /* AnimationManager.swift in Sources */,
			);
			runOnlyForDeploymentPostprocessing = 0;
		};
/* End PBXSourcesBuildPhase section */

/* Begin PBXVariantGroup section */
		8687F2191E41769E00C1392C /* Main.storyboard */ = {
			isa = PBXVariantGroup;
			children = (
				8687F21A1E41769E00C1392C /* Base */,
			);
			name = Main.storyboard;
			sourceTree = "<group>";
		};
		8687F21E1E41769E00C1392C /* LaunchScreen.storyboard */ = {
			isa = PBXVariantGroup;
			children = (
				8687F21F1E41769E00C1392C /* Base */,
			);
			name = LaunchScreen.storyboard;
			sourceTree = "<group>";
		};
/* End PBXVariantGroup section */

/* Begin XCBuildConfiguration section */
		861667A61E40EE910050BD06 /* Debug */ = {
			isa = XCBuildConfiguration;
			buildSettings = {
				ALWAYS_SEARCH_USER_PATHS = NO;
				CLANG_ANALYZER_NONNULL = YES;
				CLANG_CXX_LANGUAGE_STANDARD = "gnu++0x";
				CLANG_CXX_LIBRARY = "libc++";
				CLANG_ENABLE_MODULES = YES;
				CLANG_ENABLE_OBJC_ARC = YES;
				CLANG_WARN_BLOCK_CAPTURE_AUTORELEASING = YES;
				CLANG_WARN_BOOL_CONVERSION = YES;
				CLANG_WARN_COMMA = YES;
				CLANG_WARN_CONSTANT_CONVERSION = YES;
				CLANG_WARN_DEPRECATED_OBJC_IMPLEMENTATIONS = YES;
				CLANG_WARN_DIRECT_OBJC_ISA_USAGE = YES_ERROR;
				CLANG_WARN_DOCUMENTATION_COMMENTS = YES;
				CLANG_WARN_EMPTY_BODY = YES;
				CLANG_WARN_ENUM_CONVERSION = YES;
				CLANG_WARN_INFINITE_RECURSION = YES;
				CLANG_WARN_INT_CONVERSION = YES;
				CLANG_WARN_NON_LITERAL_NULL_CONVERSION = YES;
				CLANG_WARN_OBJC_IMPLICIT_RETAIN_SELF = YES;
				CLANG_WARN_OBJC_LITERAL_CONVERSION = YES;
				CLANG_WARN_OBJC_ROOT_CLASS = YES_ERROR;
				CLANG_WARN_RANGE_LOOP_ANALYSIS = YES;
				CLANG_WARN_STRICT_PROTOTYPES = YES;
				CLANG_WARN_SUSPICIOUS_MOVE = YES;
				CLANG_WARN_UNREACHABLE_CODE = YES;
				CLANG_WARN__DUPLICATE_METHOD_MATCH = YES;
				"CODE_SIGN_IDENTITY[sdk=iphoneos*]" = "iPhone Developer";
				COPY_PHASE_STRIP = NO;
				CURRENT_PROJECT_VERSION = 1;
				DEBUG_INFORMATION_FORMAT = dwarf;
				ENABLE_STRICT_OBJC_MSGSEND = YES;
				ENABLE_TESTABILITY = YES;
				GCC_C_LANGUAGE_STANDARD = gnu99;
				GCC_DYNAMIC_NO_PIC = NO;
				GCC_NO_COMMON_BLOCKS = YES;
				GCC_OPTIMIZATION_LEVEL = 0;
				GCC_PREPROCESSOR_DEFINITIONS = (
					"DEBUG=1",
					"$(inherited)",
				);
				GCC_WARN_64_TO_32_BIT_CONVERSION = YES;
				GCC_WARN_ABOUT_RETURN_TYPE = YES_ERROR;
				GCC_WARN_UNDECLARED_SELECTOR = YES;
				GCC_WARN_UNINITIALIZED_AUTOS = YES_AGGRESSIVE;
				GCC_WARN_UNUSED_FUNCTION = YES;
				GCC_WARN_UNUSED_VARIABLE = YES;
				IPHONEOS_DEPLOYMENT_TARGET = 10.2;
				MTL_ENABLE_DEBUG_INFO = YES;
				ONLY_ACTIVE_ARCH = YES;
				SDKROOT = iphoneos;
				SWIFT_ACTIVE_COMPILATION_CONDITIONS = DEBUG;
				SWIFT_OPTIMIZATION_LEVEL = "-Onone";
				SWIFT_SWIFT3_OBJC_INFERENCE = Default;
				TARGETED_DEVICE_FAMILY = "1,2";
				VERSIONING_SYSTEM = "apple-generic";
				VERSION_INFO_PREFIX = "";
			};
			name = Debug;
		};
		861667A71E40EE910050BD06 /* Release */ = {
			isa = XCBuildConfiguration;
			buildSettings = {
				ALWAYS_SEARCH_USER_PATHS = NO;
				CLANG_ANALYZER_NONNULL = YES;
				CLANG_CXX_LANGUAGE_STANDARD = "gnu++0x";
				CLANG_CXX_LIBRARY = "libc++";
				CLANG_ENABLE_MODULES = YES;
				CLANG_ENABLE_OBJC_ARC = YES;
				CLANG_WARN_BLOCK_CAPTURE_AUTORELEASING = YES;
				CLANG_WARN_BOOL_CONVERSION = YES;
				CLANG_WARN_COMMA = YES;
				CLANG_WARN_CONSTANT_CONVERSION = YES;
				CLANG_WARN_DEPRECATED_OBJC_IMPLEMENTATIONS = YES;
				CLANG_WARN_DIRECT_OBJC_ISA_USAGE = YES_ERROR;
				CLANG_WARN_DOCUMENTATION_COMMENTS = YES;
				CLANG_WARN_EMPTY_BODY = YES;
				CLANG_WARN_ENUM_CONVERSION = YES;
				CLANG_WARN_INFINITE_RECURSION = YES;
				CLANG_WARN_INT_CONVERSION = YES;
				CLANG_WARN_NON_LITERAL_NULL_CONVERSION = YES;
				CLANG_WARN_OBJC_IMPLICIT_RETAIN_SELF = YES;
				CLANG_WARN_OBJC_LITERAL_CONVERSION = YES;
				CLANG_WARN_OBJC_ROOT_CLASS = YES_ERROR;
				CLANG_WARN_RANGE_LOOP_ANALYSIS = YES;
				CLANG_WARN_STRICT_PROTOTYPES = YES;
				CLANG_WARN_SUSPICIOUS_MOVE = YES;
				CLANG_WARN_UNREACHABLE_CODE = YES;
				CLANG_WARN__DUPLICATE_METHOD_MATCH = YES;
				"CODE_SIGN_IDENTITY[sdk=iphoneos*]" = "iPhone Developer";
				COPY_PHASE_STRIP = NO;
				CURRENT_PROJECT_VERSION = 1;
				DEBUG_INFORMATION_FORMAT = "dwarf-with-dsym";
				ENABLE_NS_ASSERTIONS = NO;
				ENABLE_STRICT_OBJC_MSGSEND = YES;
				GCC_C_LANGUAGE_STANDARD = gnu99;
				GCC_NO_COMMON_BLOCKS = YES;
				GCC_WARN_64_TO_32_BIT_CONVERSION = YES;
				GCC_WARN_ABOUT_RETURN_TYPE = YES_ERROR;
				GCC_WARN_UNDECLARED_SELECTOR = YES;
				GCC_WARN_UNINITIALIZED_AUTOS = YES_AGGRESSIVE;
				GCC_WARN_UNUSED_FUNCTION = YES;
				GCC_WARN_UNUSED_VARIABLE = YES;
				IPHONEOS_DEPLOYMENT_TARGET = 10.2;
				MTL_ENABLE_DEBUG_INFO = NO;
				SDKROOT = iphoneos;
				SWIFT_OPTIMIZATION_LEVEL = "-Owholemodule";
				SWIFT_SWIFT3_OBJC_INFERENCE = Default;
				TARGETED_DEVICE_FAMILY = "1,2";
				VALIDATE_PRODUCT = YES;
				VERSIONING_SYSTEM = "apple-generic";
				VERSION_INFO_PREFIX = "";
			};
			name = Release;
		};
		861667A91E40EE910050BD06 /* Debug */ = {
			isa = XCBuildConfiguration;
			baseConfigurationReference = E897FEF3FCF69B8447DE5D33 /* Pods-KVSpinnerView.debug.xcconfig */;
			buildSettings = {
				CODE_SIGN_IDENTITY = "";
				DEFINES_MODULE = YES;
				DEVELOPMENT_TEAM = M375QZ42BY;
				DYLIB_COMPATIBILITY_VERSION = 1;
				DYLIB_CURRENT_VERSION = 1;
				DYLIB_INSTALL_NAME_BASE = "@rpath";
				INFOPLIST_FILE = KVSpinnerView/Info.plist;
				INSTALL_PATH = "$(LOCAL_LIBRARY_DIR)/Frameworks";
				IPHONEOS_DEPLOYMENT_TARGET = 8;
				LD_RUNPATH_SEARCH_PATHS = "$(inherited) @executable_path/Frameworks @loader_path/Frameworks";
				PRODUCT_BUNDLE_IDENTIFIER = com.kuznetsov.KVSpinnerView;
				PRODUCT_NAME = "$(TARGET_NAME)";
				SKIP_INSTALL = YES;
				SWIFT_SWIFT3_OBJC_INFERENCE = Default;
				SWIFT_VERSION = 4.0;
			};
			name = Debug;
		};
		861667AA1E40EE910050BD06 /* Release */ = {
			isa = XCBuildConfiguration;
			baseConfigurationReference = F41A60FE6D8B7267309BBE55 /* Pods-KVSpinnerView.release.xcconfig */;
			buildSettings = {
				CODE_SIGN_IDENTITY = "";
				DEFINES_MODULE = YES;
				DEVELOPMENT_TEAM = M375QZ42BY;
				DYLIB_COMPATIBILITY_VERSION = 1;
				DYLIB_CURRENT_VERSION = 1;
				DYLIB_INSTALL_NAME_BASE = "@rpath";
				INFOPLIST_FILE = KVSpinnerView/Info.plist;
				INSTALL_PATH = "$(LOCAL_LIBRARY_DIR)/Frameworks";
				IPHONEOS_DEPLOYMENT_TARGET = 8;
				LD_RUNPATH_SEARCH_PATHS = "$(inherited) @executable_path/Frameworks @loader_path/Frameworks";
				PRODUCT_BUNDLE_IDENTIFIER = com.kuznetsov.KVSpinnerView;
				PRODUCT_NAME = "$(TARGET_NAME)";
				SKIP_INSTALL = YES;
				SWIFT_SWIFT3_OBJC_INFERENCE = Default;
				SWIFT_VERSION = 4.0;
			};
			name = Release;
		};
		8687F2231E41769E00C1392C /* Debug */ = {
			isa = XCBuildConfiguration;
			buildSettings = {
				ASSETCATALOG_COMPILER_APPICON_NAME = AppIcon;
				DEVELOPMENT_TEAM = M375QZ42BY;
				INFOPLIST_FILE = SwiftExample/Info.plist;
				LD_RUNPATH_SEARCH_PATHS = "$(inherited) @executable_path/Frameworks";
				PRODUCT_BUNDLE_IDENTIFIER = com.kuznetsov.SwiftExample;
				PRODUCT_NAME = "$(TARGET_NAME)";
				SWIFT_VERSION = 3.0;
			};
			name = Debug;
		};
		8687F2241E41769E00C1392C /* Release */ = {
			isa = XCBuildConfiguration;
			buildSettings = {
				ASSETCATALOG_COMPILER_APPICON_NAME = AppIcon;
				DEVELOPMENT_TEAM = M375QZ42BY;
				INFOPLIST_FILE = SwiftExample/Info.plist;
				LD_RUNPATH_SEARCH_PATHS = "$(inherited) @executable_path/Frameworks";
				PRODUCT_BUNDLE_IDENTIFIER = com.kuznetsov.SwiftExample;
				PRODUCT_NAME = "$(TARGET_NAME)";
				SWIFT_VERSION = 3.0;
			};
			name = Release;
		};
/* End XCBuildConfiguration section */

/* Begin XCConfigurationList section */
		8616679A1E40EE910050BD06 /* Build configuration list for PBXProject "KVSpinnerView" */ = {
			isa = XCConfigurationList;
			buildConfigurations = (
				861667A61E40EE910050BD06 /* Debug */,
				861667A71E40EE910050BD06 /* Release */,
			);
			defaultConfigurationIsVisible = 0;
			defaultConfigurationName = Release;
		};
		861667A81E40EE910050BD06 /* Build configuration list for PBXNativeTarget "KVSpinnerView" */ = {
			isa = XCConfigurationList;
			buildConfigurations = (
				861667A91E40EE910050BD06 /* Debug */,
				861667AA1E40EE910050BD06 /* Release */,
			);
			defaultConfigurationIsVisible = 0;
			defaultConfigurationName = Release;
		};
		8687F2221E41769E00C1392C /* Build configuration list for PBXNativeTarget "SwiftExample" */ = {
			isa = XCConfigurationList;
			buildConfigurations = (
				8687F2231E41769E00C1392C /* Debug */,
				8687F2241E41769E00C1392C /* Release */,
			);
			defaultConfigurationIsVisible = 0;
			defaultConfigurationName = Release;
		};
/* End XCConfigurationList section */
	};
	rootObject = 861667971E40EE910050BD06 /* Project object */;
}
